
Microsoft Visual Studio Solution File, Format Version 12.00
Project("{FAE04EC0-301F-11D3-BF4B-00C04F79EFBC}") = "PontuacaoRealTime.API", "PontuacaoRealTime.API\PontuacaoRealTime.API.csproj", "{6CEFC27F-E000-4C54-9753-A3792B26DFA2}"
EndProject
Project("{FAE04EC0-301F-11D3-BF4B-00C04F79EFBC}") = "PontuacaoRealTime.API.Tests", "PontuacaoRealTime.API.Tests\PontuacaoRealTime.API.Tests.csproj", "{49989468-F05B-4363-BD19-83185A2B096A}"
EndProject
Global
	GlobalSection(SolutionConfigurationPlatforms) = preSolution
		Debug|Any CPU = Debug|Any CPU
		Release|Any CPU = Release|Any CPU
	EndGlobalSection
	GlobalSection(ProjectConfigurationPlatforms) = postSolution
		{6CEFC27F-E000-4C54-9753-A3792B26DFA2}.Debug|Any CPU.ActiveCfg = Debug|Any CPU
		{6CEFC27F-E000-4C54-9753-A3792B26DFA2}.Debug|Any CPU.Build.0 = Debug|Any CPU
		{6CEFC27F-E000-4C54-9753-A3792B26DFA2}.Release|Any CPU.ActiveCfg = Release|Any CPU
		{6CEFC27F-E000-4C54-9753-A3792B26DFA2}.Release|Any CPU.Build.0 = Release|Any CPU
		{49989468-F05B-4363-BD19-83185A2B096A}.Debug|Any CPU.ActiveCfg = Debug|Any CPU
		{49989468-F05B-4363-BD19-83185A2B096A}.Debug|Any CPU.Build.0 = Debug|Any CPU
		{49989468-F05B-4363-BD19-83185A2B096A}.Release|Any CPU.ActiveCfg = Release|Any CPU
		{49989468-F05B-4363-BD19-83185A2B096A}.Release|Any CPU.Build.0 = Release|Any CPU
	EndGlobalSection
EndGlobal
